// !$*UTF8*$!
{
	archiveVersion = 1;
	classes = {
	};
	objectVersion = 50;
	objects = {

/* Begin PBXBuildFile section */
		280A09B42379C8AA00151F7E /* User.swift in Sources */ = {isa = PBXBuildFile; fileRef = 280A09B32379C8AA00151F7E /* User.swift */; };
		282373FB2358D6240065B4D0 /* AppDelegate.swift in Sources */ = {isa = PBXBuildFile; fileRef = 282373FA2358D6240065B4D0 /* AppDelegate.swift */; };
		282373FD2358D6240065B4D0 /* SceneDelegate.swift in Sources */ = {isa = PBXBuildFile; fileRef = 282373FC2358D6240065B4D0 /* SceneDelegate.swift */; };
		282373FF2358D6240065B4D0 /* ViewController.swift in Sources */ = {isa = PBXBuildFile; fileRef = 282373FE2358D6240065B4D0 /* ViewController.swift */; };
		282374022358D6240065B4D0 /* Main.storyboard in Resources */ = {isa = PBXBuildFile; fileRef = 282374002358D6240065B4D0 /* Main.storyboard */; };
		282374042358D6260065B4D0 /* Assets.xcassets in Resources */ = {isa = PBXBuildFile; fileRef = 282374032358D6260065B4D0 /* Assets.xcassets */; };
		282374072358D6260065B4D0 /* LaunchScreen.storyboard in Resources */ = {isa = PBXBuildFile; fileRef = 282374052358D6260065B4D0 /* LaunchScreen.storyboard */; };
		2823740F2358D7620065B4D0 /* UIViewExt.swift in Sources */ = {isa = PBXBuildFile; fileRef = 2823740E2358D7620065B4D0 /* UIViewExt.swift */; };
		284A174E23B0EE4A0027A3CA /* MoreViewController.swift in Sources */ = {isa = PBXBuildFile; fileRef = 284A174D23B0EE4A0027A3CA /* MoreViewController.swift */; };
		284A175023B0F50F0027A3CA /* Constants.swift in Sources */ = {isa = PBXBuildFile; fileRef = 284A174F23B0F50F0027A3CA /* Constants.swift */; };
		284EEF8323C4E898001B2333 /* README.md in Resources */ = {isa = PBXBuildFile; fileRef = 284EEF8223C4E898001B2333 /* README.md */; };
/* End PBXBuildFile section */

/* Begin PBXFileReference section */
		280A09B32379C8AA00151F7E /* User.swift */ = {isa = PBXFileReference; lastKnownFileType = sourcecode.swift; path = User.swift; sourceTree = "<group>"; };
		282373F72358D6240065B4D0 /* DeglaCompS.app */ = {isa = PBXFileReference; explicitFileType = wrapper.application; includeInIndex = 0; path = DeglaCompS.app; sourceTree = BUILT_PRODUCTS_DIR; };
		282373FA2358D6240065B4D0 /* AppDelegate.swift */ = {isa = PBXFileReference; lastKnownFileType = sourcecode.swift; path = AppDelegate.swift; sourceTree = "<group>"; };
		282373FC2358D6240065B4D0 /* SceneDelegate.swift */ = {isa = PBXFileReference; lastKnownFileType = sourcecode.swift; path = SceneDelegate.swift; sourceTree = "<group>"; };
		282373FE2358D6240065B4D0 /* ViewController.swift */ = {isa = PBXFileReference; lastKnownFileType = sourcecode.swift; path = ViewController.swift; sourceTree = "<group>"; };
		282374012358D6240065B4D0 /* Base */ = {isa = PBXFileReference; lastKnownFileType = file.storyboard; name = Base; path = Base.lproj/Main.storyboard; sourceTree = "<group>"; };
		282374032358D6260065B4D0 /* Assets.xcassets */ = {isa = PBXFileReference; lastKnownFileType = folder.assetcatalog; path = Assets.xcassets; sourceTree = "<group>"; };
		282374062358D6260065B4D0 /* Base */ = {isa = PBXFileReference; lastKnownFileType = file.storyboard; name = Base; path = Base.lproj/LaunchScreen.storyboard; sourceTree = "<group>"; };
		282374082358D6260065B4D0 /* Info.plist */ = {isa = PBXFileReference; lastKnownFileType = text.plist.xml; path = Info.plist; sourceTree = "<group>"; };
		2823740E2358D7620065B4D0 /* UIViewExt.swift */ = {isa = PBXFileReference; lastKnownFileType = sourcecode.swift; path = UIViewExt.swift; sourceTree = "<group>"; };
		284A174D23B0EE4A0027A3CA /* MoreViewController.swift */ = {isa = PBXFileReference; lastKnownFileType = sourcecode.swift; path = MoreViewController.swift; sourceTree = "<group>"; };
		284A174F23B0F50F0027A3CA /* Constants.swift */ = {isa = PBXFileReference; lastKnownFileType = sourcecode.swift; path = Constants.swift; sourceTree = "<group>"; };
		284EEF8223C4E898001B2333 /* README.md */ = {isa = PBXFileReference; fileEncoding = 4; lastKnownFileType = net.daringfireball.markdown; path = README.md; sourceTree = "<group>"; };
/* End PBXFileReference section */

/* Begin PBXFrameworksBuildPhase section */
		282373F42358D6240065B4D0 /* Frameworks */ = {
			isa = PBXFrameworksBuildPhase;
			buildActionMask = 2147483647;
			files = (
			);
			runOnlyForDeploymentPostprocessing = 0;
		};
/* End PBXFrameworksBuildPhase section */

/* Begin PBXGroup section */
		282373EE2358D6240065B4D0 = {
			isa = PBXGroup;
			children = (
				284EEF8223C4E898001B2333 /* README.md */,
				282373F92358D6240065B4D0 /* Shaga3 Web */,
				282373F82358D6240065B4D0 /* Products */,
			);
			sourceTree = "<group>";
		};
		282373F82358D6240065B4D0 /* Products */ = {
			isa = PBXGroup;
			children = (
				282373F72358D6240065B4D0 /* DeglaCompS.app */,
			);
			name = Products;
			sourceTree = "<group>";
		};
		282373F92358D6240065B4D0 /* Shaga3 Web */ = {
			isa = PBXGroup;
			children = (
				280A09B32379C8AA00151F7E /* User.swift */,
				282373FA2358D6240065B4D0 /* AppDelegate.swift */,
				282373FC2358D6240065B4D0 /* SceneDelegate.swift */,
				282373FE2358D6240065B4D0 /* ViewController.swift */,
				284A174D23B0EE4A0027A3CA /* MoreViewController.swift */,
				282374002358D6240065B4D0 /* Main.storyboard */,
				282374032358D6260065B4D0 /* Assets.xcassets */,
				282374052358D6260065B4D0 /* LaunchScreen.storyboard */,
				282374082358D6260065B4D0 /* Info.plist */,
				2823740E2358D7620065B4D0 /* UIViewExt.swift */,
				284A174F23B0F50F0027A3CA /* Constants.swift */,
			);
			path = "Shaga3 Web";
			sourceTree = "<group>";
		};
/* End PBXGroup section */

/* Begin PBXNativeTarget section */
		282373F62358D6240065B4D0 /* Shaga3 Web */ = {
			isa = PBXNativeTarget;
			buildConfigurationList = 2823740B2358D6260065B4D0 /* Build configuration list for PBXNativeTarget "Shaga3 Web" */;
			buildPhases = (
				282373F32358D6240065B4D0 /* Sources */,
				282373F42358D6240065B4D0 /* Frameworks */,
				282373F52358D6240065B4D0 /* Resources */,
			);
			buildRules = (
			);
			dependencies = (
			);
			name = "Shaga3 Web";
			productName = "Shaga3 Web";
			productReference = 282373F72358D6240065B4D0 /* DeglaCompS.app */;
			productType = "com.apple.product-type.application";
		};
/* End PBXNativeTarget section */

/* Begin PBXProject section */
		282373EF2358D6240065B4D0 /* Project object */ = {
			isa = PBXProject;
			attributes = {
				LastSwiftUpdateCheck = 1100;
				LastUpgradeCheck = 1100;
				ORGANIZATIONNAME = "Kegham Karsian";
				TargetAttributes = {
					282373F62358D6240065B4D0 = {
						CreatedOnToolsVersion = 11.0;
					};
				};
			};
			buildConfigurationList = 282373F22358D6240065B4D0 /* Build configuration list for PBXProject "Shaga3 Web" */;
			compatibilityVersion = "Xcode 9.3";
			developmentRegion = en;
			hasScannedForEncodings = 0;
			knownRegions = (
				en,
				Base,
			);
			mainGroup = 282373EE2358D6240065B4D0;
			productRefGroup = 282373F82358D6240065B4D0 /* Products */;
			projectDirPath = "";
			projectRoot = "";
			targets = (
				282373F62358D6240065B4D0 /* Shaga3 Web */,
			);
		};
/* End PBXProject section */

/* Begin PBXResourcesBuildPhase section */
		282373F52358D6240065B4D0 /* Resources */ = {
			isa = PBXResourcesBuildPhase;
			buildActionMask = 2147483647;
			files = (
				282374072358D6260065B4D0 /* LaunchScreen.storyboard in Resources */,
				282374042358D6260065B4D0 /* Assets.xcassets in Resources */,
				284EEF8323C4E898001B2333 /* README.md in Resources */,
				282374022358D6240065B4D0 /* Main.storyboard in Resources */,
			);
			runOnlyForDeploymentPostprocessing = 0;
		};
/* End PBXResourcesBuildPhase section */

/* Begin PBXSourcesBuildPhase section */
		282373F32358D6240065B4D0 /* Sources */ = {
			isa = PBXSourcesBuildPhase;
			buildActionMask = 2147483647;
			files = (
				2823740F2358D7620065B4D0 /* UIViewExt.swift in Sources */,
				282373FF2358D6240065B4D0 /* ViewController.swift in Sources */,
				282373FB2358D6240065B4D0 /* AppDelegate.swift in Sources */,
				284A174E23B0EE4A0027A3CA /* MoreViewController.swift in Sources */,
				284A175023B0F50F0027A3CA /* Constants.swift in Sources */,
				280A09B42379C8AA00151F7E /* User.swift in Sources */,
				282373FD2358D6240065B4D0 /* SceneDelegate.swift in Sources */,
			);
			runOnlyForDeploymentPostprocessing = 0;
		};
/* End PBXSourcesBuildPhase section */

/* Begin PBXVariantGroup section */
		282374002358D6240065B4D0 /* Main.storyboard */ = {
			isa = PBXVariantGroup;
			children = (
				282374012358D6240065B4D0 /* Base */,
			);
			name = Main.storyboard;
			sourceTree = "<group>";
		};
		282374052358D6260065B4D0 /* LaunchScreen.storyboard */ = {
			isa = PBXVariantGroup;
			children = (
				282374062358D6260065B4D0 /* Base */,
			);
			name = LaunchScreen.storyboard;
			sourceTree = "<group>";
		};
/* End PBXVariantGroup section */

/* Begin XCBuildConfiguration section */
		282374092358D6260065B4D0 /* Debug */ = {
			isa = XCBuildConfiguration;
			buildSettings = {
				ALWAYS_SEARCH_USER_PATHS = NO;
				CLANG_ANALYZER_NONNULL = YES;
				CLANG_ANALYZER_NUMBER_OBJECT_CONVERSION = YES_AGGRESSIVE;
				CLANG_CXX_LANGUAGE_STANDARD = "gnu++14";
				CLANG_CXX_LIBRARY = "libc++";
				CLANG_ENABLE_MODULES = YES;
				CLANG_ENABLE_OBJC_ARC = YES;
				CLANG_ENABLE_OBJC_WEAK = YES;
				CLANG_WARN_BLOCK_CAPTURE_AUTORELEASING = YES;
				CLANG_WARN_BOOL_CONVERSION = YES;
				CLANG_WARN_COMMA = YES;
				CLANG_WARN_CONSTANT_CONVERSION = YES;
				CLANG_WARN_DEPRECATED_OBJC_IMPLEMENTATIONS = YES;
				CLANG_WARN_DIRECT_OBJC_ISA_USAGE = YES_ERROR;
				CLANG_WARN_DOCUMENTATION_COMMENTS = YES;
				CLANG_WARN_EMPTY_BODY = YES;
				CLANG_WARN_ENUM_CONVERSION = YES;
				CLANG_WARN_INFINITE_RECURSION = YES;
				CLANG_WARN_INT_CONVERSION = YES;
				CLANG_WARN_NON_LITERAL_NULL_CONVERSION = YES;
				CLANG_WARN_OBJC_IMPLICIT_RETAIN_SELF = YES;
				CLANG_WARN_OBJC_LITERAL_CONVERSION = YES;
				CLANG_WARN_OBJC_ROOT_CLASS = YES_ERROR;
				CLANG_WARN_RANGE_LOOP_ANALYSIS = YES;
				CLANG_WARN_STRICT_PROTOTYPES = YES;
				CLANG_WARN_SUSPICIOUS_MOVE = YES;
				CLANG_WARN_UNGUARDED_AVAILABILITY = YES_AGGRESSIVE;
				CLANG_WARN_UNREACHABLE_CODE = YES;
				CLANG_WARN__DUPLICATE_METHOD_MATCH = YES;
				COPY_PHASE_STRIP = NO;
				DEBUG_INFORMATION_FORMAT = dwarf;
				ENABLE_STRICT_OBJC_MSGSEND = YES;
				ENABLE_TESTABILITY = YES;
				GCC_C_LANGUAGE_STANDARD = gnu11;
				GCC_DYNAMIC_NO_PIC = NO;
				GCC_NO_COMMON_BLOCKS = YES;
				GCC_OPTIMIZATION_LEVEL = 0;
				GCC_PREPROCESSOR_DEFINITIONS = (
					"DEBUG=1",
					"$(inherited)",
				);
				GCC_WARN_64_TO_32_BIT_CONVERSION = YES;
				GCC_WARN_ABOUT_RETURN_TYPE = YES_ERROR;
				GCC_WARN_UNDECLARED_SELECTOR = YES;
				GCC_WARN_UNINITIALIZED_AUTOS = YES_AGGRESSIVE;
				GCC_WARN_UNUSED_FUNCTION = YES;
				GCC_WARN_UNUSED_VARIABLE = YES;
				IPHONEOS_DEPLOYMENT_TARGET = 13.0;
				MTL_ENABLE_DEBUG_INFO = INCLUDE_SOURCE;
				MTL_FAST_MATH = YES;
				ONLY_ACTIVE_ARCH = YES;
				SDKROOT = iphoneos;
				SWIFT_ACTIVE_COMPILATION_CONDITIONS = DEBUG;
				SWIFT_OPTIMIZATION_LEVEL = "-Onone";
			};
			name = Debug;
		};
		2823740A2358D6260065B4D0 /* Release */ = {
			isa = XCBuildConfiguration;
			buildSettings = {
				ALWAYS_SEARCH_USER_PATHS = NO;
				CLANG_ANALYZER_NONNULL = YES;
				CLANG_ANALYZER_NUMBER_OBJECT_CONVERSION = YES_AGGRESSIVE;
				CLANG_CXX_LANGUAGE_STANDARD = "gnu++14";
				CLANG_CXX_LIBRARY = "libc++";
				CLANG_ENABLE_MODULES = YES;
				CLANG_ENABLE_OBJC_ARC = YES;
				CLANG_ENABLE_OBJC_WEAK = YES;
				CLANG_WARN_BLOCK_CAPTURE_AUTORELEASING = YES;
				CLANG_WARN_BOOL_CONVERSION = YES;
				CLANG_WARN_COMMA = YES;
				CLANG_WARN_CONSTANT_CONVERSION = YES;
				CLANG_WARN_DEPRECATED_OBJC_IMPLEMENTATIONS = YES;
				CLANG_WARN_DIRECT_OBJC_ISA_USAGE = YES_ERROR;
				CLANG_WARN_DOCUMENTATION_COMMENTS = YES;
				CLANG_WARN_EMPTY_BODY = YES;
				CLANG_WARN_ENUM_CONVERSION = YES;
				CLANG_WARN_INFINITE_RECURSION = YES;
				CLANG_WARN_INT_CONVERSION = YES;
				CLANG_WARN_NON_LITERAL_NULL_CONVERSION = YES;
				CLANG_WARN_OBJC_IMPLICIT_RETAIN_SELF = YES;
				CLANG_WARN_OBJC_LITERAL_CONVERSION = YES;
				CLANG_WARN_OBJC_ROOT_CLASS = YES_ERROR;
				CLANG_WARN_RANGE_LOOP_ANALYSIS = YES;
				CLANG_WARN_STRICT_PROTOTYPES = YES;
				CLANG_WARN_SUSPICIOUS_MOVE = YES;
				CLANG_WARN_UNGUARDED_AVAILABILITY = YES_AGGRESSIVE;
				CLANG_WARN_UNREACHABLE_CODE = YES;
				CLANG_WARN__DUPLICATE_METHOD_MATCH = YES;
				COPY_PHASE_STRIP = NO;
				DEBUG_INFORMATION_FORMAT = "dwarf-with-dsym";
				ENABLE_NS_ASSERTIONS = NO;
				ENABLE_STRICT_OBJC_MSGSEND = YES;
				GCC_C_LANGUAGE_STANDARD = gnu11;
				GCC_NO_COMMON_BLOCKS = YES;
				GCC_WARN_64_TO_32_BIT_CONVERSION = YES;
				GCC_WARN_ABOUT_RETURN_TYPE = YES_ERROR;
				GCC_WARN_UNDECLARED_SELECTOR = YES;
				GCC_WARN_UNINITIALIZED_AUTOS = YES_AGGRESSIVE;
				GCC_WARN_UNUSED_FUNCTION = YES;
				GCC_WARN_UNUSED_VARIABLE = YES;
				IPHONEOS_DEPLOYMENT_TARGET = 13.0;
				MTL_ENABLE_DEBUG_INFO = NO;
				MTL_FAST_MATH = YES;
				SDKROOT = iphoneos;
				SWIFT_COMPILATION_MODE = wholemodule;
				SWIFT_OPTIMIZATION_LEVEL = "-O";
				VALIDATE_PRODUCT = YES;
			};
			name = Release;
		};
		2823740C2358D6260065B4D0 /* Debug */ = {
			isa = XCBuildConfiguration;
			buildSettings = {
				ASSETCATALOG_COMPILER_APPICON_NAME = AppIcon;
				CODE_SIGN_STYLE = Automatic;
				DEVELOPMENT_TEAM = T9NMFS4742;
				INFOPLIST_FILE = "Shaga3 Web/Info.plist";
				IPHONEOS_DEPLOYMENT_TARGET = 11.0;
				LD_RUNPATH_SEARCH_PATHS = (
					"$(inherited)",
					"@executable_path/Frameworks",
				);
				PRODUCT_BUNDLE_IDENTIFIER = com.idesignadv.DeglaCompSherif;
				PRODUCT_NAME = DeglaCompS;
				SWIFT_VERSION = 5.0;
				TARGETED_DEVICE_FAMILY = "1,2";
			};
			name = Debug;
		};
		2823740D2358D6260065B4D0 /* Release */ = {
			isa = XCBuildConfiguration;
			buildSettings = {
				ASSETCATALOG_COMPILER_APPICON_NAME = AppIcon;
				CODE_SIGN_STYLE = Automatic;
				DEVELOPMENT_TEAM = T9NMFS4742;
				INFOPLIST_FILE = "Shaga3 Web/Info.plist";
				IPHONEOS_DEPLOYMENT_TARGET = 11.0;
				LD_RUNPATH_SEARCH_PATHS = (
					"$(inherited)",
					"@executable_path/Frameworks",
				);
				PRODUCT_BUNDLE_IDENTIFIER = com.idesignadv.DeglaCompSherif;
				PRODUCT_NAME = DeglaCompS;
				SWIFT_VERSION = 5.0;
				TARGETED_DEVICE_FAMILY = "1,2";
			};
			name = Release;
		};
/* End XCBuildConfiguration section */

/* Begin XCConfigurationList section */
		282373F22358D6240065B4D0 /* Build configuration list for PBXProject "Shaga3 Web" */ = {
			isa = XCConfigurationList;
			buildConfigurations = (
				282374092358D6260065B4D0 /* Debug */,
				2823740A2358D6260065B4D0 /* Release */,
			);
			defaultConfigurationIsVisible = 0;
			defaultConfigurationName = Release;
		};
		2823740B2358D6260065B4D0 /* Build configuration list for PBXNativeTarget "Shaga3 Web" */ = {
			isa = XCConfigurationList;
			buildConfigurations = (
				2823740C2358D6260065B4D0 /* Debug */,
				2823740D2358D6260065B4D0 /* Release */,
			);
			defaultConfigurationIsVisible = 0;
			defaultConfigurationName = Release;
		};
/* End XCConfigurationList section */
	};
	rootObject = 282373EF2358D6240065B4D0 /* Project object */;
}
